
Microsoft Visual Studio Solution File, Format Version 12.00
# Visual Studio Version 17
VisualStudioVersion = 17.3.32922.545
MinimumVisualStudioVersion = 10.0.40219.1
Project("{FAE04EC0-301F-11D3-BF4B-00C04F79EFBC}") = "ExOOP", "ExOOP\ExOOP.csproj", "{AD17A149-CF29-4F38-9594-F90653B668DF}"
EndProject
Global
	GlobalSection(SolutionConfigurationPlatforms) = preSolution
		Debug|Any CPU = Debug|Any CPU
		Release|Any CPU = Release|Any CPU
	EndGlobalSection
	GlobalSection(ProjectConfigurationPlatforms) = postSolution
		{AD17A149-CF29-4F38-9594-F90653B668DF}.Debug|Any CPU.ActiveCfg = Debug|Any CPU
		{AD17A149-CF29-4F38-9594-F90653B668DF}.Debug|Any CPU.Build.0 = Debug|Any CPU
		{AD17A149-CF29-4F38-9594-F90653B668DF}.Release|Any CPU.ActiveCfg = Release|Any CPU
		{AD17A149-CF29-4F38-9594-F90653B668DF}.Release|Any CPU.Build.0 = Release|Any CPU
	EndGlobalSection
	GlobalSection(SolutionProperties) = preSolution
		HideSolutionNode = FALSE
	EndGlobalSection
	GlobalSection(ExtensibilityGlobals) = postSolution
		SolutionGuid = {CE5A8090-33AA-4B00-B10D-8D8421806BA0}
	EndGlobalSection
EndGlobal
